
Microsoft Visual Studio Solution File, Format Version 12.00
# Visual Studio Version 16
VisualStudioVersion = 16.0.30804.86
MinimumVisualStudioVersion = 10.0.40219.1
Project("{FAE04EC0-301F-11D3-BF4B-00C04F79EFBC}") = "RedisTemplate.API", "RedisTemplate.API\RedisTemplate.API.csproj", "{1C36961F-C836-4803-997A-8930C9E08002}"
EndProject
Project("{FAE04EC0-301F-11D3-BF4B-00C04F79EFBC}") = "RedisTemplate.Core", "RedisTemplate.Core\RedisTemplate.Core.csproj", "{1D3B8859-5105-4435-ABBA-0BF13CE5106B}"
EndProject
Project("{FAE04EC0-301F-11D3-BF4B-00C04F79EFBC}") = "RedisTemplate.Infrastructure", "RedisTemplate.Infrastructure\RedisTemplate.Infrastructure.csproj", "{DAF8F346-8952-46D8-9F95-6318DD1894C4}"
EndProject
Project("{E53339B2-1760-4266-BCC7-CA923CBCF16C}") = "docker-compose", "docker-compose.dcproj", "{E1CB6F3F-CE49-4986-AE6C-8AB9323A4700}"
EndProject
Global
	GlobalSection(SolutionConfigurationPlatforms) = preSolution
		Debug|Any CPU = Debug|Any CPU
		Release|Any CPU = Release|Any CPU
	EndGlobalSection
	GlobalSection(ProjectConfigurationPlatforms) = postSolution
		{1C36961F-C836-4803-997A-8930C9E08002}.Debug|Any CPU.ActiveCfg = Debug|Any CPU
		{1C36961F-C836-4803-997A-8930C9E08002}.Debug|Any CPU.Build.0 = Debug|Any CPU
		{1C36961F-C836-4803-997A-8930C9E08002}.Release|Any CPU.ActiveCfg = Release|Any CPU
		{1C36961F-C836-4803-997A-8930C9E08002}.Release|Any CPU.Build.0 = Release|Any CPU
		{1D3B8859-5105-4435-ABBA-0BF13CE5106B}.Debug|Any CPU.ActiveCfg = Debug|Any CPU
		{1D3B8859-5105-4435-ABBA-0BF13CE5106B}.Debug|Any CPU.Build.0 = Debug|Any CPU
		{1D3B8859-5105-4435-ABBA-0BF13CE5106B}.Release|Any CPU.ActiveCfg = Release|Any CPU
		{1D3B8859-5105-4435-ABBA-0BF13CE5106B}.Release|Any CPU.Build.0 = Release|Any CPU
		{DAF8F346-8952-46D8-9F95-6318DD1894C4}.Debug|Any CPU.ActiveCfg = Debug|Any CPU
		{DAF8F346-8952-46D8-9F95-6318DD1894C4}.Debug|Any CPU.Build.0 = Debug|Any CPU
		{DAF8F346-8952-46D8-9F95-6318DD1894C4}.Release|Any CPU.ActiveCfg = Release|Any CPU
		{DAF8F346-8952-46D8-9F95-6318DD1894C4}.Release|Any CPU.Build.0 = Release|Any CPU
		{E1CB6F3F-CE49-4986-AE6C-8AB9323A4700}.Debug|Any CPU.ActiveCfg = Debug|Any CPU
		{E1CB6F3F-CE49-4986-AE6C-8AB9323A4700}.Debug|Any CPU.Build.0 = Debug|Any CPU
		{E1CB6F3F-CE49-4986-AE6C-8AB9323A4700}.Release|Any CPU.ActiveCfg = Release|Any CPU
		{E1CB6F3F-CE49-4986-AE6C-8AB9323A4700}.Release|Any CPU.Build.0 = Release|Any CPU
	EndGlobalSection
	GlobalSection(SolutionProperties) = preSolution
		HideSolutionNode = FALSE
	EndGlobalSection
	GlobalSection(ExtensibilityGlobals) = postSolution
		SolutionGuid = {6CE8B8C8-CB5B-4C6E-84BA-BC3CB98C9C19}
	EndGlobalSection
EndGlobal
